
Microsoft Visual Studio Solution File, Format Version 12.00
# Visual Studio Version 16
VisualStudioVersion = 16.0.31112.23
MinimumVisualStudioVersion = 10.0.40219.1
Project("{FAE04EC0-301F-11D3-BF4B-00C04F79EFBC}") = "FEChapterRando", "FEChapterRando\FEChapterRando.csproj", "{DAA5DA2D-3BCF-4C08-A407-95E3D10FE8EF}"
EndProject
Global
	GlobalSection(SolutionConfigurationPlatforms) = preSolution
		Debug|Any CPU = Debug|Any CPU
		Release|Any CPU = Release|Any CPU
	EndGlobalSection
	GlobalSection(ProjectConfigurationPlatforms) = postSolution
		{DAA5DA2D-3BCF-4C08-A407-95E3D10FE8EF}.Debug|Any CPU.ActiveCfg = Debug|Any CPU
		{DAA5DA2D-3BCF-4C08-A407-95E3D10FE8EF}.Debug|Any CPU.Build.0 = Debug|Any CPU
		{DAA5DA2D-3BCF-4C08-A407-95E3D10FE8EF}.Release|Any CPU.ActiveCfg = Release|Any CPU
		{DAA5DA2D-3BCF-4C08-A407-95E3D10FE8EF}.Release|Any CPU.Build.0 = Release|Any CPU
	EndGlobalSection
	GlobalSection(SolutionProperties) = preSolution
		HideSolutionNode = FALSE
	EndGlobalSection
	GlobalSection(ExtensibilityGlobals) = postSolution
		SolutionGuid = {788D9A9F-50BD-4AF5-8745-5A82921157CD}
	EndGlobalSection
EndGlobal
